
Microsoft Visual Studio Solution File, Format Version 12.00
# Visual Studio Version 17
VisualStudioVersion = 17.0.31912.275
MinimumVisualStudioVersion = 10.0.40219.1
Project("{FAE04EC0-301F-11D3-BF4B-00C04F79EFBC}") = "stock-quote-alert", "stock-quote-alert\stock-quote-alert.csproj", "{8C3CDE01-8EEF-4E09-90D1-8C70D07BE4C2}"
EndProject
Global
	GlobalSection(SolutionConfigurationPlatforms) = preSolution
		Debug|Any CPU = Debug|Any CPU
		Release|Any CPU = Release|Any CPU
	EndGlobalSection
	GlobalSection(ProjectConfigurationPlatforms) = postSolution
		{8C3CDE01-8EEF-4E09-90D1-8C70D07BE4C2}.Debug|Any CPU.ActiveCfg = Debug|Any CPU
		{8C3CDE01-8EEF-4E09-90D1-8C70D07BE4C2}.Debug|Any CPU.Build.0 = Debug|Any CPU
		{8C3CDE01-8EEF-4E09-90D1-8C70D07BE4C2}.Release|Any CPU.ActiveCfg = Release|Any CPU
		{8C3CDE01-8EEF-4E09-90D1-8C70D07BE4C2}.Release|Any CPU.Build.0 = Release|Any CPU
	EndGlobalSection
	GlobalSection(SolutionProperties) = preSolution
		HideSolutionNode = FALSE
	EndGlobalSection
	GlobalSection(ExtensibilityGlobals) = postSolution
		SolutionGuid = {DE326E11-7996-48CA-875E-D26A46128832}
	EndGlobalSection
EndGlobal
